{
    "name": "@spanexx/repomap",
    "version": "0.1.0",
    "lockfileVersion": 3,
    "requires": true,
    "packages": {
        "": {
            "name": "@spanexx/repomap",
            "version": "0.1.0",
            "hasInstallScript": true,
            "license": "MIT",
            "bin": {
                "repomap": "bin/repomap.js"
            },
            "engines": {
                "node": ">=16"
            }
        }
    }
}
